// !$*UTF8*$!
{
	archiveVersion = 1;
	classes = {
	};
	objectVersion = 46;
	objects = {

/* Begin PBXBuildFile section */
		588C36611F4616F30097F84E /* AppDelegate.swift in Sources */ = {isa = PBXBuildFile; fileRef = 588C36601F4616F30097F84E /* AppDelegate.swift */; };
		588C36631F4616F30097F84E /* ViewController.swift in Sources */ = {isa = PBXBuildFile; fileRef = 588C36621F4616F30097F84E /* ViewController.swift */; };
		588C36661F4616F30097F84E /* Main.storyboard in Resources */ = {isa = PBXBuildFile; fileRef = 588C36641F4616F30097F84E /* Main.storyboard */; };
		588C36681F4616F30097F84E /* Assets.xcassets in Resources */ = {isa = PBXBuildFile; fileRef = 588C36671F4616F30097F84E /* Assets.xcassets */; };
		588C366B1F4616F30097F84E /* LaunchScreen.storyboard in Resources */ = {isa = PBXBuildFile; fileRef = 588C36691F4616F30097F84E /* LaunchScreen.storyboard */; };
		588C36761F4616F30097F84E /* LINQQUPTests.swift in Sources */ = {isa = PBXBuildFile; fileRef = 588C36751F4616F30097F84E /* LINQQUPTests.swift */; };
		588C36811F4616F30097F84E /* LINQQUPUITests.swift in Sources */ = {isa = PBXBuildFile; fileRef = 588C36801F4616F30097F84E /* LINQQUPUITests.swift */; };
/* End PBXBuildFile section */

/* Begin PBXContainerItemProxy section */
		588C36721F4616F30097F84E /* PBXContainerItemProxy */ = {
			isa = PBXContainerItemProxy;
			containerPortal = 588C36551F4616F20097F84E /* Project object */;
			proxyType = 1;
			remoteGlobalIDString = 588C365C1F4616F30097F84E;
			remoteInfo = LINQQUP;
		};
		588C367D1F4616F30097F84E /* PBXContainerItemProxy */ = {
			isa = PBXContainerItemProxy;
			containerPortal = 588C36551F4616F20097F84E /* Project object */;
			proxyType = 1;
			remoteGlobalIDString = 588C365C1F4616F30097F84E;
			remoteInfo = LINQQUP;
		};
/* End PBXContainerItemProxy section */

/* Begin PBXFileReference section */
		588C365D1F4616F30097F84E /* LINQQUP.app */ = {isa = PBXFileReference; explicitFileType = wrapper.application; includeInIndex = 0; path = LINQQUP.app; sourceTree = BUILT_PRODUCTS_DIR; };
		588C36601F4616F30097F84E /* AppDelegate.swift */ = {isa = PBXFileReference; lastKnownFileType = sourcecode.swift; path = AppDelegate.swift; sourceTree = "<group>"; };
		588C36621F4616F30097F84E /* ViewController.swift */ = {isa = PBXFileReference; lastKnownFileType = sourcecode.swift; path = ViewController.swift; sourceTree = "<group>"; };
		588C36651F4616F30097F84E /* Base */ = {isa = PBXFileReference; lastKnownFileType = file.storyboard; name = Base; path = Base.lproj/Main.storyboard; sourceTree = "<group>"; };
		588C36671F4616F30097F84E /* Assets.xcassets */ = {isa = PBXFileReference; lastKnownFileType = folder.assetcatalog; path = Assets.xcassets; sourceTree = "<group>"; };
		588C366A1F4616F30097F84E /* Base */ = {isa = PBXFileReference; lastKnownFileType = file.storyboard; name = Base; path = Base.lproj/LaunchScreen.storyboard; sourceTree = "<group>"; };
		588C366C1F4616F30097F84E /* Info.plist */ = {isa = PBXFileReference; lastKnownFileType = text.plist.xml; path = Info.plist; sourceTree = "<group>"; };
		588C36711F4616F30097F84E /* LINQQUPTests.xctest */ = {isa = PBXFileReference; explicitFileType = wrapper.cfbundle; includeInIndex = 0; path = LINQQUPTests.xctest; sourceTree = BUILT_PRODUCTS_DIR; };
		588C36751F4616F30097F84E /* LINQQUPTests.swift */ = {isa = PBXFileReference; lastKnownFileType = sourcecode.swift; path = LINQQUPTests.swift; sourceTree = "<group>"; };
		588C36771F4616F30097F84E /* Info.plist */ = {isa = PBXFileReference; lastKnownFileType = text.plist.xml; path = Info.plist; sourceTree = "<group>"; };
		588C367C1F4616F30097F84E /* LINQQUPUITests.xctest */ = {isa = PBXFileReference; explicitFileType = wrapper.cfbundle; includeInIndex = 0; path = LINQQUPUITests.xctest; sourceTree = BUILT_PRODUCTS_DIR; };
		588C36801F4616F30097F84E /* LINQQUPUITests.swift */ = {isa = PBXFileReference; lastKnownFileType = sourcecode.swift; path = LINQQUPUITests.swift; sourceTree = "<group>"; };
		588C36821F4616F30097F84E /* Info.plist */ = {isa = PBXFileReference; lastKnownFileType = text.plist.xml; path = Info.plist; sourceTree = "<group>"; };
/* End PBXFileReference section */

/* Begin PBXFrameworksBuildPhase section */
		588C365A1F4616F30097F84E /* Frameworks */ = {
			isa = PBXFrameworksBuildPhase;
			buildActionMask = 2147483647;
			files = (
			);
			runOnlyForDeploymentPostprocessing = 0;
		};
		588C366E1F4616F30097F84E /* Frameworks */ = {
			isa = PBXFrameworksBuildPhase;
			buildActionMask = 2147483647;
			files = (
			);
			runOnlyForDeploymentPostprocessing = 0;
		};
		588C36791F4616F30097F84E /* Frameworks */ = {
			isa = PBXFrameworksBuildPhase;
			buildActionMask = 2147483647;
			files = (
			);
			runOnlyForDeploymentPostprocessing = 0;
		};
/* End PBXFrameworksBuildPhase section */

/* Begin PBXGroup section */
		588C36541F4616F20097F84E = {
			isa = PBXGroup;
			children = (
				588C365F1F4616F30097F84E /* LINQQUP */,
				588C36741F4616F30097F84E /* LINQQUPTests */,
				588C367F1F4616F30097F84E /* LINQQUPUITests */,
				588C365E1F4616F30097F84E /* Products */,
			);
			sourceTree = "<group>";
		};
		588C365E1F4616F30097F84E /* Products */ = {
			isa = PBXGroup;
			children = (
				588C365D1F4616F30097F84E /* LINQQUP.app */,
				588C36711F4616F30097F84E /* LINQQUPTests.xctest */,
				588C367C1F4616F30097F84E /* LINQQUPUITests.xctest */,
			);
			name = Products;
			sourceTree = "<group>";
		};
		588C365F1F4616F30097F84E /* LINQQUP */ = {
			isa = PBXGroup;
			children = (
				588C36601F4616F30097F84E /* AppDelegate.swift */,
				588C36621F4616F30097F84E /* ViewController.swift */,
				588C36641F4616F30097F84E /* Main.storyboard */,
				588C36671F4616F30097F84E /* Assets.xcassets */,
				588C36691F4616F30097F84E /* LaunchScreen.storyboard */,
				588C366C1F4616F30097F84E /* Info.plist */,
			);
			path = LINQQUP;
			sourceTree = "<group>";
		};
		588C36741F4616F30097F84E /* LINQQUPTests */ = {
			isa = PBXGroup;
			children = (
				588C36751F4616F30097F84E /* LINQQUPTests.swift */,
				588C36771F4616F30097F84E /* Info.plist */,
			);
			path = LINQQUPTests;
			sourceTree = "<group>";
		};
		588C367F1F4616F30097F84E /* LINQQUPUITests */ = {
			isa = PBXGroup;
			children = (
				588C36801F4616F30097F84E /* LINQQUPUITests.swift */,
				588C36821F4616F30097F84E /* Info.plist */,
			);
			path = LINQQUPUITests;
			sourceTree = "<group>";
		};
/* End PBXGroup section */

/* Begin PBXNativeTarget section */
		588C365C1F4616F30097F84E /* LINQQUP */ = {
			isa = PBXNativeTarget;
			buildConfigurationList = 588C36851F4616F30097F84E /* Build configuration list for PBXNativeTarget "LINQQUP" */;
			buildPhases = (
				588C36591F4616F30097F84E /* Sources */,
				588C365A1F4616F30097F84E /* Frameworks */,
				588C365B1F4616F30097F84E /* Resources */,
			);
			buildRules = (
			);
			dependencies = (
			);
			name = LINQQUP;
			productName = LINQQUP;
			productReference = 588C365D1F4616F30097F84E /* LINQQUP.app */;
			productType = "com.apple.product-type.application";
		};
		588C36701F4616F30097F84E /* LINQQUPTests */ = {
			isa = PBXNativeTarget;
			buildConfigurationList = 588C36881F4616F30097F84E /* Build configuration list for PBXNativeTarget "LINQQUPTests" */;
			buildPhases = (
				588C366D1F4616F30097F84E /* Sources */,
				588C366E1F4616F30097F84E /* Frameworks */,
				588C366F1F4616F30097F84E /* Resources */,
			);
			buildRules = (
			);
			dependencies = (
				588C36731F4616F30097F84E /* PBXTargetDependency */,
			);
			name = LINQQUPTests;
			productName = LINQQUPTests;
			productReference = 588C36711F4616F30097F84E /* LINQQUPTests.xctest */;
			productType = "com.apple.product-type.bundle.unit-test";
		};
		588C367B1F4616F30097F84E /* LINQQUPUITests */ = {
			isa = PBXNativeTarget;
			buildConfigurationList = 588C368B1F4616F30097F84E /* Build configuration list for PBXNativeTarget "LINQQUPUITests" */;
			buildPhases = (
				588C36781F4616F30097F84E /* Sources */,
				588C36791F4616F30097F84E /* Frameworks */,
				588C367A1F4616F30097F84E /* Resources */,
			);
			buildRules = (
			);
			dependencies = (
				588C367E1F4616F30097F84E /* PBXTargetDependency */,
			);
			name = LINQQUPUITests;
			productName = LINQQUPUITests;
			productReference = 588C367C1F4616F30097F84E /* LINQQUPUITests.xctest */;
			productType = "com.apple.product-type.bundle.ui-testing";
		};
/* End PBXNativeTarget section */

/* Begin PBXProject section */
		588C36551F4616F20097F84E /* Project object */ = {
			isa = PBXProject;
			attributes = {
				LastSwiftUpdateCheck = 0830;
				LastUpgradeCheck = 0830;
				ORGANIZATIONNAME = birdsoftware;
				TargetAttributes = {
					588C365C1F4616F30097F84E = {
						CreatedOnToolsVersion = 8.3.3;
						DevelopmentTeam = 55VP4JFWK9;
						ProvisioningStyle = Automatic;
					};
					588C36701F4616F30097F84E = {
						CreatedOnToolsVersion = 8.3.3;
						DevelopmentTeam = 55VP4JFWK9;
						ProvisioningStyle = Automatic;
						TestTargetID = 588C365C1F4616F30097F84E;
					};
					588C367B1F4616F30097F84E = {
						CreatedOnToolsVersion = 8.3.3;
						DevelopmentTeam = 55VP4JFWK9;
						ProvisioningStyle = Automatic;
						TestTargetID = 588C365C1F4616F30097F84E;
					};
				};
			};
			buildConfigurationList = 588C36581F4616F20097F84E /* Build configuration list for PBXProject "LINQQUP" */;
			compatibilityVersion = "Xcode 3.2";
			developmentRegion = English;
			hasScannedForEncodings = 0;
			knownRegions = (
				en,
				Base,
			);
			mainGroup = 588C36541F4616F20097F84E;
			productRefGroup = 588C365E1F4616F30097F84E /* Products */;
			projectDirPath = "";
			projectRoot = "";
			targets = (
				588C365C1F4616F30097F84E /* LINQQUP */,
				588C36701F4616F30097F84E /* LINQQUPTests */,
				588C367B1F4616F30097F84E /* LINQQUPUITests */,
			);
		};
/* End PBXProject section */

/* Begin PBXResourcesBuildPhase section */
		588C365B1F4616F30097F84E /* Resources */ = {
			isa = PBXResourcesBuildPhase;
			buildActionMask = 2147483647;
			files = (
				588C366B1F4616F30097F84E /* LaunchScreen.storyboard in Resources */,
				588C36681F4616F30097F84E /* Assets.xcassets in Resources */,
				588C36661F4616F30097F84E /* Main.storyboard in Resources */,
			);
			runOnlyForDeploymentPostprocessing = 0;
		};
		588C366F1F4616F30097F84E /* Resources */ = {
			isa = PBXResourcesBuildPhase;
			buildActionMask = 2147483647;
			files = (
			);
			runOnlyForDeploymentPostprocessing = 0;
		};
		588C367A1F4616F30097F84E /* Resources */ = {
			isa = PBXResourcesBuildPhase;
			buildActionMask = 2147483647;
			files = (
			);
			runOnlyForDeploymentPostprocessing = 0;
		};
/* End PBXResourcesBuildPhase section */

/* Begin PBXSourcesBuildPhase section */
		588C36591F4616F30097F84E /* Sources */ = {
			isa = PBXSourcesBuildPhase;
			buildActionMask = 2147483647;
			files = (
				588C36631F4616F30097F84E /* ViewController.swift in Sources */,
				588C36611F4616F30097F84E /* AppDelegate.swift in Sources */,
			);
			runOnlyForDeploymentPostprocessing = 0;
		};
		588C366D1F4616F30097F84E /* Sources */ = {
			isa = PBXSourcesBuildPhase;
			buildActionMask = 2147483647;
			files = (
				588C36761F4616F30097F84E /* LINQQUPTests.swift in Sources */,
			);
			runOnlyForDeploymentPostprocessing = 0;
		};
		588C36781F4616F30097F84E /* Sources */ = {
			isa = PBXSourcesBuildPhase;
			buildActionMask = 2147483647;
			files = (
				588C36811F4616F30097F84E /* LINQQUPUITests.swift in Sources */,
			);
			runOnlyForDeploymentPostprocessing = 0;
		};
/* End PBXSourcesBuildPhase section */

/* Begin PBXTargetDependency section */
		588C36731F4616F30097F84E /* PBXTargetDependency */ = {
			isa = PBXTargetDependency;
			target = 588C365C1F4616F30097F84E /* LINQQUP */;
			targetProxy = 588C36721F4616F30097F84E /* PBXContainerItemProxy */;
		};
		588C367E1F4616F30097F84E /* PBXTargetDependency */ = {
			isa = PBXTargetDependency;
			target = 588C365C1F4616F30097F84E /* LINQQUP */;
			targetProxy = 588C367D1F4616F30097F84E /* PBXContainerItemProxy */;
		};
/* End PBXTargetDependency section */

/* Begin PBXVariantGroup section */
		588C36641F4616F30097F84E /* Main.storyboard */ = {
			isa = PBXVariantGroup;
			children = (
				588C36651F4616F30097F84E /* Base */,
			);
			name = Main.storyboard;
			sourceTree = "<group>";
		};
		588C36691F4616F30097F84E /* LaunchScreen.storyboard */ = {
			isa = PBXVariantGroup;
			children = (
				588C366A1F4616F30097F84E /* Base */,
			);
			name = LaunchScreen.storyboard;
			sourceTree = "<group>";
		};
/* End PBXVariantGroup section */

/* Begin XCBuildConfiguration section */
		588C36831F4616F30097F84E /* Debug */ = {
			isa = XCBuildConfiguration;
			buildSettings = {
				ALWAYS_SEARCH_USER_PATHS = NO;
				CLANG_ANALYZER_NONNULL = YES;
				CLANG_ANALYZER_NUMBER_OBJECT_CONVERSION = YES_AGGRESSIVE;
				CLANG_CXX_LANGUAGE_STANDARD = "gnu++0x";
				CLANG_CXX_LIBRARY = "libc++";
				CLANG_ENABLE_MODULES = YES;
				CLANG_ENABLE_OBJC_ARC = YES;
				CLANG_WARN_BOOL_CONVERSION = YES;
				CLANG_WARN_CONSTANT_CONVERSION = YES;
				CLANG_WARN_DIRECT_OBJC_ISA_USAGE = YES_ERROR;
				CLANG_WARN_DOCUMENTATION_COMMENTS = YES;
				CLANG_WARN_EMPTY_BODY = YES;
				CLANG_WARN_ENUM_CONVERSION = YES;
				CLANG_WARN_INFINITE_RECURSION = YES;
				CLANG_WARN_INT_CONVERSION = YES;
				CLANG_WARN_OBJC_ROOT_CLASS = YES_ERROR;
				CLANG_WARN_SUSPICIOUS_MOVE = YES;
				CLANG_WARN_UNREACHABLE_CODE = YES;
				CLANG_WARN__DUPLICATE_METHOD_MATCH = YES;
				"CODE_SIGN_IDENTITY[sdk=iphoneos*]" = "iPhone Developer";
				COPY_PHASE_STRIP = NO;
				DEBUG_INFORMATION_FORMAT = dwarf;
				ENABLE_STRICT_OBJC_MSGSEND = YES;
				ENABLE_TESTABILITY = YES;
				GCC_C_LANGUAGE_STANDARD = gnu99;
				GCC_DYNAMIC_NO_PIC = NO;
				GCC_NO_COMMON_BLOCKS = YES;
				GCC_OPTIMIZATION_LEVEL = 0;
				GCC_PREPROCESSOR_DEFINITIONS = (
					"DEBUG=1",
					"$(inherited)",
				);
				GCC_WARN_64_TO_32_BIT_CONVERSION = YES;
				GCC_WARN_ABOUT_RETURN_TYPE = YES_ERROR;
				GCC_WARN_UNDECLARED_SELECTOR = YES;
				GCC_WARN_UNINITIALIZED_AUTOS = YES_AGGRESSIVE;
				GCC_WARN_UNUSED_FUNCTION = YES;
				GCC_WARN_UNUSED_VARIABLE = YES;
				IPHONEOS_DEPLOYMENT_TARGET = 10.3;
				MTL_ENABLE_DEBUG_INFO = YES;
				ONLY_ACTIVE_ARCH = YES;
				SDKROOT = iphoneos;
				SWIFT_ACTIVE_COMPILATION_CONDITIONS = DEBUG;
				SWIFT_OPTIMIZATION_LEVEL = "-Onone";
				TARGETED_DEVICE_FAMILY = "1,2";
			};
			name = Debug;
		};
		588C36841F4616F30097F84E /* Release */ = {
			isa = XCBuildConfiguration;
			buildSettings = {
				ALWAYS_SEARCH_USER_PATHS = NO;
				CLANG_ANALYZER_NONNULL = YES;
				CLANG_ANALYZER_NUMBER_OBJECT_CONVERSION = YES_AGGRESSIVE;
				CLANG_CXX_LANGUAGE_STANDARD = "gnu++0x";
				CLANG_CXX_LIBRARY = "libc++";
				CLANG_ENABLE_MODULES = YES;
				CLANG_ENABLE_OBJC_ARC = YES;
				CLANG_WARN_BOOL_CONVERSION = YES;
				CLANG_WARN_CONSTANT_CONVERSION = YES;
				CLANG_WARN_DIRECT_OBJC_ISA_USAGE = YES_ERROR;
				CLANG_WARN_DOCUMENTATION_COMMENTS = YES;
				CLANG_WARN_EMPTY_BODY = YES;
				CLANG_WARN_ENUM_CONVERSION = YES;
				CLANG_WARN_INFINITE_RECURSION = YES;
				CLANG_WARN_INT_CONVERSION = YES;
				CLANG_WARN_OBJC_ROOT_CLASS = YES_ERROR;
				CLANG_WARN_SUSPICIOUS_MOVE = YES;
				CLANG_WARN_UNREACHABLE_CODE = YES;
				CLANG_WARN__DUPLICATE_METHOD_MATCH = YES;
				"CODE_SIGN_IDENTITY[sdk=iphoneos*]" = "iPhone Developer";
				COPY_PHASE_STRIP = NO;
				DEBUG_INFORMATION_FORMAT = "dwarf-with-dsym";
				ENABLE_NS_ASSERTIONS = NO;
				ENABLE_STRICT_OBJC_MSGSEND = YES;
				GCC_C_LANGUAGE_STANDARD = gnu99;
				GCC_NO_COMMON_BLOCKS = YES;
				GCC_WARN_64_TO_32_BIT_CONVERSION = YES;
				GCC_WARN_ABOUT_RETURN_TYPE = YES_ERROR;
				GCC_WARN_UNDECLARED_SELECTOR = YES;
				GCC_WARN_UNINITIALIZED_AUTOS = YES_AGGRESSIVE;
				GCC_WARN_UNUSED_FUNCTION = YES;
				GCC_WARN_UNUSED_VARIABLE = YES;
				IPHONEOS_DEPLOYMENT_TARGET = 10.3;
				MTL_ENABLE_DEBUG_INFO = NO;
				SDKROOT = iphoneos;
				SWIFT_OPTIMIZATION_LEVEL = "-Owholemodule";
				TARGETED_DEVICE_FAMILY = "1,2";
				VALIDATE_PRODUCT = YES;
			};
			name = Release;
		};
		588C36861F4616F30097F84E /* Debug */ = {
			isa = XCBuildConfiguration;
			buildSettings = {
				ASSETCATALOG_COMPILER_APPICON_NAME = AppIcon;
				DEVELOPMENT_TEAM = 55VP4JFWK9;
				INFOPLIST_FILE = LINQQUP/Info.plist;
				LD_RUNPATH_SEARCH_PATHS = "$(inherited) @executable_path/Frameworks";
				PRODUCT_BUNDLE_IDENTIFIER = birdsoftware.LINQQUP;
				PRODUCT_NAME = "$(TARGET_NAME)";
				SWIFT_VERSION = 3.0;
			};
			name = Debug;
		};
		588C36871F4616F30097F84E /* Release */ = {
			isa = XCBuildConfiguration;
			buildSettings = {
				ASSETCATALOG_COMPILER_APPICON_NAME = AppIcon;
				DEVELOPMENT_TEAM = 55VP4JFWK9;
				INFOPLIST_FILE = LINQQUP/Info.plist;
				LD_RUNPATH_SEARCH_PATHS = "$(inherited) @executable_path/Frameworks";
				PRODUCT_BUNDLE_IDENTIFIER = birdsoftware.LINQQUP;
				PRODUCT_NAME = "$(TARGET_NAME)";
				SWIFT_VERSION = 3.0;
			};
			name = Release;
		};
		588C36891F4616F30097F84E /* Debug */ = {
			isa = XCBuildConfiguration;
			buildSettings = {
				ALWAYS_EMBED_SWIFT_STANDARD_LIBRARIES = YES;
				BUNDLE_LOADER = "$(TEST_HOST)";
				DEVELOPMENT_TEAM = 55VP4JFWK9;
				INFOPLIST_FILE = LINQQUPTests/Info.plist;
				LD_RUNPATH_SEARCH_PATHS = "$(inherited) @executable_path/Frameworks @loader_path/Frameworks";
				PRODUCT_BUNDLE_IDENTIFIER = birdsoftware.LINQQUPTests;
				PRODUCT_NAME = "$(TARGET_NAME)";
				SWIFT_VERSION = 3.0;
				TEST_HOST = "$(BUILT_PRODUCTS_DIR)/LINQQUP.app/LINQQUP";
			};
			name = Debug;
		};
		588C368A1F4616F30097F84E /* Release */ = {
			isa = XCBuildConfiguration;
			buildSettings = {
				ALWAYS_EMBED_SWIFT_STANDARD_LIBRARIES = YES;
				BUNDLE_LOADER = "$(TEST_HOST)";
				DEVELOPMENT_TEAM = 55VP4JFWK9;
				INFOPLIST_FILE = LINQQUPTests/Info.plist;
				LD_RUNPATH_SEARCH_PATHS = "$(inherited) @executable_path/Frameworks @loader_path/Frameworks";
				PRODUCT_BUNDLE_IDENTIFIER = birdsoftware.LINQQUPTests;
				PRODUCT_NAME = "$(TARGET_NAME)";
				SWIFT_VERSION = 3.0;
				TEST_HOST = "$(BUILT_PRODUCTS_DIR)/LINQQUP.app/LINQQUP";
			};
			name = Release;
		};
		588C368C1F4616F30097F84E /* Debug */ = {
			isa = XCBuildConfiguration;
			buildSettings = {
				ALWAYS_EMBED_SWIFT_STANDARD_LIBRARIES = YES;
				DEVELOPMENT_TEAM = 55VP4JFWK9;
				INFOPLIST_FILE = LINQQUPUITests/Info.plist;
				LD_RUNPATH_SEARCH_PATHS = "$(inherited) @executable_path/Frameworks @loader_path/Frameworks";
				PRODUCT_BUNDLE_IDENTIFIER = birdsoftware.LINQQUPUITests;
				PRODUCT_NAME = "$(TARGET_NAME)";
				SWIFT_VERSION = 3.0;
				TEST_TARGET_NAME = LINQQUP;
			};
			name = Debug;
		};
		588C368D1F4616F30097F84E /* Release */ = {
			isa = XCBuildConfiguration;
			buildSettings = {
				ALWAYS_EMBED_SWIFT_STANDARD_LIBRARIES = YES;
				DEVELOPMENT_TEAM = 55VP4JFWK9;
				INFOPLIST_FILE = LINQQUPUITests/Info.plist;
				LD_RUNPATH_SEARCH_PATHS = "$(inherited) @executable_path/Frameworks @loader_path/Frameworks";
				PRODUCT_BUNDLE_IDENTIFIER = birdsoftware.LINQQUPUITests;
				PRODUCT_NAME = "$(TARGET_NAME)";
				SWIFT_VERSION = 3.0;
				TEST_TARGET_NAME = LINQQUP;
			};
			name = Release;
		};
/* End XCBuildConfiguration section */

/* Begin XCConfigurationList section */
		588C36581F4616F20097F84E /* Build configuration list for PBXProject "LINQQUP" */ = {
			isa = XCConfigurationList;
			buildConfigurations = (
				588C36831F4616F30097F84E /* Debug */,
				588C36841F4616F30097F84E /* Release */,
			);
			defaultConfigurationIsVisible = 0;
			defaultConfigurationName = Release;
		};
		588C36851F4616F30097F84E /* Build configuration list for PBXNativeTarget "LINQQUP" */ = {
			isa = XCConfigurationList;
			buildConfigurations = (
				588C36861F4616F30097F84E /* Debug */,
				588C36871F4616F30097F84E /* Release */,
			);
			defaultConfigurationIsVisible = 0;
		};
		588C36881F4616F30097F84E /* Build configuration list for PBXNativeTarget "LINQQUPTests" */ = {
			isa = XCConfigurationList;
			buildConfigurations = (
				588C36891F4616F30097F84E /* Debug */,
				588C368A1F4616F30097F84E /* Release */,
			);
			defaultConfigurationIsVisible = 0;
		};
		588C368B1F4616F30097F84E /* Build configuration list for PBXNativeTarget "LINQQUPUITests" */ = {
			isa = XCConfigurationList;
			buildConfigurations = (
				588C368C1F4616F30097F84E /* Debug */,
				588C368D1F4616F30097F84E /* Release */,
			);
			defaultConfigurationIsVisible = 0;
		};
/* End XCConfigurationList section */
	};
	rootObject = 588C36551F4616F20097F84E /* Project object */;
}
